// !$*UTF8*$!
{
	archiveVersion = 1;
	classes = {
	};
	objectVersion = 46;
	objects = {

/* Begin PBXBuildFile section */
		7B1AF5A51DD1E6620022430A /* Alamofire.framework in Frameworks */ = {isa = PBXBuildFile; fileRef = 7B1AF5A41DD1E6620022430A /* Alamofire.framework */; };
		7B1AF5A71DD1E8820022430A /* AlamofireImage.framework in Frameworks */ = {isa = PBXBuildFile; fileRef = 7B1AF5A61DD1E8820022430A /* AlamofireImage.framework */; };
		7B226D261DDA5A8A00BABF3A /* FriendTableViewCell.swift in Sources */ = {isa = PBXBuildFile; fileRef = 7B226D241DDA5A8A00BABF3A /* FriendTableViewCell.swift */; };
		7B226D271DDA5A8A00BABF3A /* FriendTableViewCell.xib in Resources */ = {isa = PBXBuildFile; fileRef = 7B226D251DDA5A8A00BABF3A /* FriendTableViewCell.xib */; };
		7B3549D11DEC4B7400F38A4B /* User.swift in Sources */ = {isa = PBXBuildFile; fileRef = 7B3549D01DEC4B7400F38A4B /* User.swift */; };
		7B3549D31DEC4B8400F38A4B /* Realm.framework in Frameworks */ = {isa = PBXBuildFile; fileRef = 7B3549D21DEC4B8400F38A4B /* Realm.framework */; };
		7B3549D51DEC4B8900F38A4B /* RealmSwift.framework in Frameworks */ = {isa = PBXBuildFile; fileRef = 7B3549D41DEC4B8900F38A4B /* RealmSwift.framework */; };
		7B69F48C1DE21D4F00790C48 /* StoreKit.framework in Frameworks */ = {isa = PBXBuildFile; fileRef = 7B69F48B1DE21D4F00790C48 /* StoreKit.framework */; };
		7B69F48E1DE21E1500790C48 /* IAPHelper.swift in Sources */ = {isa = PBXBuildFile; fileRef = 7B69F48D1DE21E1500790C48 /* IAPHelper.swift */; };
		7B69F4901DE21FD100790C48 /* Products.swift in Sources */ = {isa = PBXBuildFile; fileRef = 7B69F48F1DE21FD100790C48 /* Products.swift */; };
		7B69F4981DE229A200790C48 /* VKFriendsUITests.swift in Sources */ = {isa = PBXBuildFile; fileRef = 7B69F4971DE229A200790C48 /* VKFriendsUITests.swift */; };
		7B69F4A01DE22F9D00790C48 /* VKFriendsTests.swift in Sources */ = {isa = PBXBuildFile; fileRef = 7B69F49F1DE22F9D00790C48 /* VKFriendsTests.swift */; };
		7B7444B31DEF4A52001D0813 /* VKFriendClass.swift in Sources */ = {isa = PBXBuildFile; fileRef = 7B95453A1DD5016E003AF335 /* VKFriendClass.swift */; };
		7B95453B1DD5016E003AF335 /* VKFriendClass.swift in Sources */ = {isa = PBXBuildFile; fileRef = 7B95453A1DD5016E003AF335 /* VKFriendClass.swift */; };
		7BB0E4811DD30CF90024BA18 /* ListTableViewController.swift in Sources */ = {isa = PBXBuildFile; fileRef = 7BB0E4801DD30CF90024BA18 /* ListTableViewController.swift */; };
		7BBD54F81DD4BB670055CA2D /* SDWebImage.framework in Frameworks */ = {isa = PBXBuildFile; fileRef = 7BBD54F71DD4BB670055CA2D /* SDWebImage.framework */; };
		7BC34BB31DCB3D3E00DA3B53 /* AppDelegate.swift in Sources */ = {isa = PBXBuildFile; fileRef = 7BC34BB21DCB3D3E00DA3B53 /* AppDelegate.swift */; };
		7BC34BB51DCB3D3E00DA3B53 /* MapViewController.swift in Sources */ = {isa = PBXBuildFile; fileRef = 7BC34BB41DCB3D3E00DA3B53 /* MapViewController.swift */; };
		7BC34BB81DCB3D3E00DA3B53 /* Main.storyboard in Resources */ = {isa = PBXBuildFile; fileRef = 7BC34BB61DCB3D3E00DA3B53 /* Main.storyboard */; };
		7BC34BBA1DCB3D3E00DA3B53 /* Assets.xcassets in Resources */ = {isa = PBXBuildFile; fileRef = 7BC34BB91DCB3D3E00DA3B53 /* Assets.xcassets */; };
		7BC34BBD1DCB3D3E00DA3B53 /* LaunchScreen.storyboard in Resources */ = {isa = PBXBuildFile; fileRef = 7BC34BBB1DCB3D3E00DA3B53 /* LaunchScreen.storyboard */; };
		7BC34BC51DCB408200DA3B53 /* SwiftyVK.framework in Frameworks */ = {isa = PBXBuildFile; fileRef = 7BC34BC41DCB408200DA3B53 /* SwiftyVK.framework */; };
		7BC34BCB1DCB47C100DA3B53 /* Constants.swift in Sources */ = {isa = PBXBuildFile; fileRef = 7BC34BCA1DCB47C000DA3B53 /* Constants.swift */; };
		7BC34BCD1DCB7CB800DA3B53 /* ApiWorker.swift in Sources */ = {isa = PBXBuildFile; fileRef = 7BC34BCC1DCB7CB800DA3B53 /* ApiWorker.swift */; };
		7BC34BCF1DCB991F00DA3B53 /* SwiftyJSON.framework in Frameworks */ = {isa = PBXBuildFile; fileRef = 7BC34BCE1DCB991F00DA3B53 /* SwiftyJSON.framework */; };
		7BC34BD11DCD198600DA3B53 /* PersonInformationViewController.swift in Sources */ = {isa = PBXBuildFile; fileRef = 7BC34BD01DCD198600DA3B53 /* PersonInformationViewController.swift */; };
		96F95778752B02453C79271E /* Pods_VKFriends.framework in Frameworks */ = {isa = PBXBuildFile; fileRef = DFAF44720F330C5D652C043B /* Pods_VKFriends.framework */; };
/* End PBXBuildFile section */

/* Begin PBXContainerItemProxy section */
		7B69F49A1DE229A200790C48 /* PBXContainerItemProxy */ = {
			isa = PBXContainerItemProxy;
			containerPortal = 7BC34BA71DCB3D3D00DA3B53 /* Project object */;
			proxyType = 1;
			remoteGlobalIDString = 7BC34BAE1DCB3D3E00DA3B53;
			remoteInfo = VKFriends;
		};
/* End PBXContainerItemProxy section */

/* Begin PBXFileReference section */
		7B1AF5A41DD1E6620022430A /* Alamofire.framework */ = {isa = PBXFileReference; lastKnownFileType = wrapper.framework; name = Alamofire.framework; path = "Pods/../build/Debug-iphoneos/Alamofire/Alamofire.framework"; sourceTree = "<group>"; };
		7B1AF5A61DD1E8820022430A /* AlamofireImage.framework */ = {isa = PBXFileReference; lastKnownFileType = wrapper.framework; name = AlamofireImage.framework; path = "Pods/../build/Debug-iphoneos/AlamofireImage/AlamofireImage.framework"; sourceTree = "<group>"; };
		7B226D241DDA5A8A00BABF3A /* FriendTableViewCell.swift */ = {isa = PBXFileReference; fileEncoding = 4; lastKnownFileType = sourcecode.swift; path = FriendTableViewCell.swift; sourceTree = "<group>"; };
		7B226D251DDA5A8A00BABF3A /* FriendTableViewCell.xib */ = {isa = PBXFileReference; fileEncoding = 4; lastKnownFileType = file.xib; path = FriendTableViewCell.xib; sourceTree = "<group>"; };
		7B3549D01DEC4B7400F38A4B /* User.swift */ = {isa = PBXFileReference; fileEncoding = 4; lastKnownFileType = sourcecode.swift; path = User.swift; sourceTree = "<group>"; };
		7B3549D21DEC4B8400F38A4B /* Realm.framework */ = {isa = PBXFileReference; lastKnownFileType = wrapper.framework; name = Realm.framework; path = "Pods/../build/Debug-iphoneos/Realm/Realm.framework"; sourceTree = "<group>"; };
		7B3549D41DEC4B8900F38A4B /* RealmSwift.framework */ = {isa = PBXFileReference; lastKnownFileType = wrapper.framework; name = RealmSwift.framework; path = "Pods/../build/Debug-iphoneos/RealmSwift/RealmSwift.framework"; sourceTree = "<group>"; };
		7B3549D61DEC5C5700F38A4B /* ru */ = {isa = PBXFileReference; lastKnownFileType = text.plist.strings; name = ru; path = ru.lproj/Main.strings; sourceTree = "<group>"; };
		7B3549D71DEC5C5700F38A4B /* ru */ = {isa = PBXFileReference; lastKnownFileType = text.plist.strings; name = ru; path = ru.lproj/LaunchScreen.strings; sourceTree = "<group>"; };
		7B69F48B1DE21D4F00790C48 /* StoreKit.framework */ = {isa = PBXFileReference; lastKnownFileType = wrapper.framework; name = StoreKit.framework; path = System/Library/Frameworks/StoreKit.framework; sourceTree = SDKROOT; };
		7B69F48D1DE21E1500790C48 /* IAPHelper.swift */ = {isa = PBXFileReference; fileEncoding = 4; lastKnownFileType = sourcecode.swift; name = IAPHelper.swift; path = ../IAPHelper.swift; sourceTree = "<group>"; };
		7B69F48F1DE21FD100790C48 /* Products.swift */ = {isa = PBXFileReference; fileEncoding = 4; lastKnownFileType = sourcecode.swift; name = Products.swift; path = ../Products.swift; sourceTree = "<group>"; };
		7B69F4951DE229A200790C48 /* VKFriendsUITests.xctest */ = {isa = PBXFileReference; explicitFileType = wrapper.cfbundle; includeInIndex = 0; path = VKFriendsUITests.xctest; sourceTree = BUILT_PRODUCTS_DIR; };
		7B69F4971DE229A200790C48 /* VKFriendsUITests.swift */ = {isa = PBXFileReference; lastKnownFileType = sourcecode.swift; path = VKFriendsUITests.swift; sourceTree = "<group>"; };
		7B69F4991DE229A200790C48 /* Info.plist */ = {isa = PBXFileReference; lastKnownFileType = text.plist.xml; path = Info.plist; sourceTree = "<group>"; };
		7B69F49F1DE22F9D00790C48 /* VKFriendsTests.swift */ = {isa = PBXFileReference; fileEncoding = 4; lastKnownFileType = sourcecode.swift; path = VKFriendsTests.swift; sourceTree = "<group>"; };
		7B95453A1DD5016E003AF335 /* VKFriendClass.swift */ = {isa = PBXFileReference; fileEncoding = 4; lastKnownFileType = sourcecode.swift; path = VKFriendClass.swift; sourceTree = "<group>"; };
		7BB0E4801DD30CF90024BA18 /* ListTableViewController.swift */ = {isa = PBXFileReference; fileEncoding = 4; lastKnownFileType = sourcecode.swift; path = ListTableViewController.swift; sourceTree = "<group>"; };
		7BBD54F71DD4BB670055CA2D /* SDWebImage.framework */ = {isa = PBXFileReference; lastKnownFileType = wrapper.framework; name = SDWebImage.framework; path = "Pods/../build/Debug-iphoneos/SDWebImage/SDWebImage.framework"; sourceTree = "<group>"; };
		7BC34BAF1DCB3D3E00DA3B53 /* VKFriends.app */ = {isa = PBXFileReference; explicitFileType = wrapper.application; includeInIndex = 0; path = VKFriends.app; sourceTree = BUILT_PRODUCTS_DIR; };
		7BC34BB21DCB3D3E00DA3B53 /* AppDelegate.swift */ = {isa = PBXFileReference; lastKnownFileType = sourcecode.swift; path = AppDelegate.swift; sourceTree = "<group>"; };
		7BC34BB41DCB3D3E00DA3B53 /* MapViewController.swift */ = {isa = PBXFileReference; lastKnownFileType = sourcecode.swift; path = MapViewController.swift; sourceTree = "<group>"; };
		7BC34BB71DCB3D3E00DA3B53 /* Base */ = {isa = PBXFileReference; lastKnownFileType = file.storyboard; name = Base; path = Base.lproj/Main.storyboard; sourceTree = "<group>"; };
		7BC34BB91DCB3D3E00DA3B53 /* Assets.xcassets */ = {isa = PBXFileReference; lastKnownFileType = folder.assetcatalog; path = Assets.xcassets; sourceTree = "<group>"; };
		7BC34BBC1DCB3D3E00DA3B53 /* Base */ = {isa = PBXFileReference; lastKnownFileType = file.storyboard; name = Base; path = Base.lproj/LaunchScreen.storyboard; sourceTree = "<group>"; };
		7BC34BBE1DCB3D3E00DA3B53 /* Info.plist */ = {isa = PBXFileReference; lastKnownFileType = text.plist.xml; path = Info.plist; sourceTree = "<group>"; };
		7BC34BC41DCB408200DA3B53 /* SwiftyVK.framework */ = {isa = PBXFileReference; lastKnownFileType = wrapper.framework; name = SwiftyVK.framework; path = "../../../../Library/Developer/Xcode/DerivedData/VKFriends-glkmzbhzveewywdbrtbsxsuwqzwt/Build/Products/Debug-iphonesimulator/SwiftyVK/SwiftyVK.framework"; sourceTree = "<group>"; };
		7BC34BCA1DCB47C000DA3B53 /* Constants.swift */ = {isa = PBXFileReference; fileEncoding = 4; lastKnownFileType = sourcecode.swift; path = Constants.swift; sourceTree = "<group>"; };
		7BC34BCC1DCB7CB800DA3B53 /* ApiWorker.swift */ = {isa = PBXFileReference; fileEncoding = 4; lastKnownFileType = sourcecode.swift; path = ApiWorker.swift; sourceTree = "<group>"; };
		7BC34BCE1DCB991F00DA3B53 /* SwiftyJSON.framework */ = {isa = PBXFileReference; lastKnownFileType = wrapper.framework; name = SwiftyJSON.framework; path = "../../../../Library/Developer/Xcode/DerivedData/VKFriends-glkmzbhzveewywdbrtbsxsuwqzwt/Build/Products/Debug-iphonesimulator/SwiftyJSON/SwiftyJSON.framework"; sourceTree = "<group>"; };
		7BC34BD01DCD198600DA3B53 /* PersonInformationViewController.swift */ = {isa = PBXFileReference; fileEncoding = 4; lastKnownFileType = sourcecode.swift; path = PersonInformationViewController.swift; sourceTree = "<group>"; };
		A41BC49DFFA3377038EB6B7E /* Pods-VKFriends.release.xcconfig */ = {isa = PBXFileReference; includeInIndex = 1; lastKnownFileType = text.xcconfig; name = "Pods-VKFriends.release.xcconfig"; path = "Pods/Target Support Files/Pods-VKFriends/Pods-VKFriends.release.xcconfig"; sourceTree = "<group>"; };
		BF47DBFF8605664D500DD80F /* Pods-VKFriends.debug.xcconfig */ = {isa = PBXFileReference; includeInIndex = 1; lastKnownFileType = text.xcconfig; name = "Pods-VKFriends.debug.xcconfig"; path = "Pods/Target Support Files/Pods-VKFriends/Pods-VKFriends.debug.xcconfig"; sourceTree = "<group>"; };
		DFAF44720F330C5D652C043B /* Pods_VKFriends.framework */ = {isa = PBXFileReference; explicitFileType = wrapper.framework; includeInIndex = 0; path = Pods_VKFriends.framework; sourceTree = BUILT_PRODUCTS_DIR; };
/* End PBXFileReference section */

/* Begin PBXFrameworksBuildPhase section */
		7B69F4921DE229A200790C48 /* Frameworks */ = {
			isa = PBXFrameworksBuildPhase;
			buildActionMask = 2147483647;
			files = (
			);
			runOnlyForDeploymentPostprocessing = 0;
		};
		7BC34BAC1DCB3D3E00DA3B53 /* Frameworks */ = {
			isa = PBXFrameworksBuildPhase;
			buildActionMask = 2147483647;
			files = (
				7B3549D51DEC4B8900F38A4B /* RealmSwift.framework in Frameworks */,
				7B3549D31DEC4B8400F38A4B /* Realm.framework in Frameworks */,
				7BBD54F81DD4BB670055CA2D /* SDWebImage.framework in Frameworks */,
				7B69F48C1DE21D4F00790C48 /* StoreKit.framework in Frameworks */,
				7B1AF5A71DD1E8820022430A /* AlamofireImage.framework in Frameworks */,
				7B1AF5A51DD1E6620022430A /* Alamofire.framework in Frameworks */,
				7BC34BCF1DCB991F00DA3B53 /* SwiftyJSON.framework in Frameworks */,
				7BC34BC51DCB408200DA3B53 /* SwiftyVK.framework in Frameworks */,
				96F95778752B02453C79271E /* Pods_VKFriends.framework in Frameworks */,
			);
			runOnlyForDeploymentPostprocessing = 0;
		};
/* End PBXFrameworksBuildPhase section */

/* Begin PBXGroup section */
		00B754D8F8E028E32D54F9B1 /* Pods */ = {
			isa = PBXGroup;
			children = (
				BF47DBFF8605664D500DD80F /* Pods-VKFriends.debug.xcconfig */,
				A41BC49DFFA3377038EB6B7E /* Pods-VKFriends.release.xcconfig */,
			);
			name = Pods;
			sourceTree = "<group>";
		};
		32E018584C6A2B514DEFADE2 /* Frameworks */ = {
			isa = PBXGroup;
			children = (
				7B3549D41DEC4B8900F38A4B /* RealmSwift.framework */,
				7B3549D21DEC4B8400F38A4B /* Realm.framework */,
				7B69F48B1DE21D4F00790C48 /* StoreKit.framework */,
				7BBD54F71DD4BB670055CA2D /* SDWebImage.framework */,
				7B1AF5A61DD1E8820022430A /* AlamofireImage.framework */,
				7B1AF5A41DD1E6620022430A /* Alamofire.framework */,
				7BC34BCE1DCB991F00DA3B53 /* SwiftyJSON.framework */,
				7BC34BC41DCB408200DA3B53 /* SwiftyVK.framework */,
				DFAF44720F330C5D652C043B /* Pods_VKFriends.framework */,
			);
			name = Frameworks;
			sourceTree = "<group>";
		};
		7B3549CF1DEC4AC400F38A4B /* Models */ = {
			isa = PBXGroup;
			children = (
				7B3549D01DEC4B7400F38A4B /* User.swift */,
			);
			name = Models;
			sourceTree = "<group>";
		};
		7B69F4961DE229A200790C48 /* VKFriendsUITests */ = {
			isa = PBXGroup;
			children = (
				7B69F4971DE229A200790C48 /* VKFriendsUITests.swift */,
				7B69F49F1DE22F9D00790C48 /* VKFriendsTests.swift */,
				7B69F4991DE229A200790C48 /* Info.plist */,
			);
			path = VKFriendsUITests;
			sourceTree = "<group>";
		};
		7BC34BA61DCB3D3D00DA3B53 = {
			isa = PBXGroup;
			children = (
				7B3549CF1DEC4AC400F38A4B /* Models */,
				7BC34BB11DCB3D3E00DA3B53 /* VKFriends */,
				7B69F4961DE229A200790C48 /* VKFriendsUITests */,
				7BC34BB01DCB3D3E00DA3B53 /* Products */,
				00B754D8F8E028E32D54F9B1 /* Pods */,
				32E018584C6A2B514DEFADE2 /* Frameworks */,
			);
			sourceTree = "<group>";
		};
		7BC34BB01DCB3D3E00DA3B53 /* Products */ = {
			isa = PBXGroup;
			children = (
				7BC34BAF1DCB3D3E00DA3B53 /* VKFriends.app */,
				7B69F4951DE229A200790C48 /* VKFriendsUITests.xctest */,
			);
			name = Products;
			sourceTree = "<group>";
		};
		7BC34BB11DCB3D3E00DA3B53 /* VKFriends */ = {
			isa = PBXGroup;
			children = (
				7BC34BB21DCB3D3E00DA3B53 /* AppDelegate.swift */,
				7B226D241DDA5A8A00BABF3A /* FriendTableViewCell.swift */,
				7B226D251DDA5A8A00BABF3A /* FriendTableViewCell.xib */,
				7BC34BB41DCB3D3E00DA3B53 /* MapViewController.swift */,
				7BB0E4801DD30CF90024BA18 /* ListTableViewController.swift */,
				7BC34BD01DCD198600DA3B53 /* PersonInformationViewController.swift */,
				7B95453A1DD5016E003AF335 /* VKFriendClass.swift */,
				7BC34BCC1DCB7CB800DA3B53 /* ApiWorker.swift */,
				7BC34BCA1DCB47C000DA3B53 /* Constants.swift */,
				7B69F48D1DE21E1500790C48 /* IAPHelper.swift */,
				7B69F48F1DE21FD100790C48 /* Products.swift */,
				7BC34BB61DCB3D3E00DA3B53 /* Main.storyboard */,
				7BC34BB91DCB3D3E00DA3B53 /* Assets.xcassets */,
				7BC34BBB1DCB3D3E00DA3B53 /* LaunchScreen.storyboard */,
				7BC34BBE1DCB3D3E00DA3B53 /* Info.plist */,
			);
			path = VKFriends;
			sourceTree = "<group>";
		};
/* End PBXGroup section */

/* Begin PBXNativeTarget section */
		7B69F4941DE229A200790C48 /* VKFriendsUITests */ = {
			isa = PBXNativeTarget;
			buildConfigurationList = 7B69F49C1DE229A200790C48 /* Build configuration list for PBXNativeTarget "VKFriendsUITests" */;
			buildPhases = (
				7B69F4911DE229A200790C48 /* Sources */,
				7B69F4921DE229A200790C48 /* Frameworks */,
				7B69F4931DE229A200790C48 /* Resources */,
			);
			buildRules = (
			);
			dependencies = (
				7B69F49B1DE229A200790C48 /* PBXTargetDependency */,
			);
			name = VKFriendsUITests;
			productName = VKFriendsUITests;
			productReference = 7B69F4951DE229A200790C48 /* VKFriendsUITests.xctest */;
			productType = "com.apple.product-type.bundle.ui-testing";
		};
		7BC34BAE1DCB3D3E00DA3B53 /* VKFriends */ = {
			isa = PBXNativeTarget;
			buildConfigurationList = 7BC34BC11DCB3D3E00DA3B53 /* Build configuration list for PBXNativeTarget "VKFriends" */;
			buildPhases = (
				E76E26C1701C0BB706D629F6 /* [CP] Check Pods Manifest.lock */,
				7BC34BAB1DCB3D3E00DA3B53 /* Sources */,
				7BC34BAC1DCB3D3E00DA3B53 /* Frameworks */,
				7BC34BAD1DCB3D3E00DA3B53 /* Resources */,
				C34EFFDC4AC95DDB0D47B7C3 /* [CP] Embed Pods Frameworks */,
				DA0F00BDBC32E96746C755BE /* [CP] Copy Pods Resources */,
			);
			buildRules = (
			);
			dependencies = (
			);
			name = VKFriends;
			productName = VKFriends;
			productReference = 7BC34BAF1DCB3D3E00DA3B53 /* VKFriends.app */;
			productType = "com.apple.product-type.application";
		};
/* End PBXNativeTarget section */

/* Begin PBXProject section */
		7BC34BA71DCB3D3D00DA3B53 /* Project object */ = {
			isa = PBXProject;
			attributes = {
				LastSwiftUpdateCheck = 0810;
				LastUpgradeCheck = 0810;
				ORGANIZATIONNAME = "Kirill Averyanov";
				TargetAttributes = {
					7B69F4941DE229A200790C48 = {
						CreatedOnToolsVersion = 8.1;
						DevelopmentTeam = KH2KDZEEE3;
						ProvisioningStyle = Automatic;
						TestTargetID = 7BC34BAE1DCB3D3E00DA3B53;
					};
					7BC34BAE1DCB3D3E00DA3B53 = {
						CreatedOnToolsVersion = 8.1;
						DevelopmentTeam = KH2KDZEEE3;
						ProvisioningStyle = Automatic;
						SystemCapabilities = {
							com.apple.InAppPurchase = {
								enabled = 1;
							};
						};
					};
				};
			};
			buildConfigurationList = 7BC34BAA1DCB3D3D00DA3B53 /* Build configuration list for PBXProject "VKFriends" */;
			compatibilityVersion = "Xcode 3.2";
			developmentRegion = English;
			hasScannedForEncodings = 0;
			knownRegions = (
				en,
				Base,
			);
			mainGroup = 7BC34BA61DCB3D3D00DA3B53;
			productRefGroup = 7BC34BB01DCB3D3E00DA3B53 /* Products */;
			projectDirPath = "";
			projectRoot = "";
			targets = (
				7BC34BAE1DCB3D3E00DA3B53 /* VKFriends */,
				7B69F4941DE229A200790C48 /* VKFriendsUITests */,
			);
		};
/* End PBXProject section */

/* Begin PBXResourcesBuildPhase section */
		7B69F4931DE229A200790C48 /* Resources */ = {
			isa = PBXResourcesBuildPhase;
			buildActionMask = 2147483647;
			files = (
			);
			runOnlyForDeploymentPostprocessing = 0;
		};
		7BC34BAD1DCB3D3E00DA3B53 /* Resources */ = {
			isa = PBXResourcesBuildPhase;
			buildActionMask = 2147483647;
			files = (
				7BC34BBD1DCB3D3E00DA3B53 /* LaunchScreen.storyboard in Resources */,
				7BC34BBA1DCB3D3E00DA3B53 /* Assets.xcassets in Resources */,
				7BC34BB81DCB3D3E00DA3B53 /* Main.storyboard in Resources */,
				7B226D271DDA5A8A00BABF3A /* FriendTableViewCell.xib in Resources */,
			);
			runOnlyForDeploymentPostprocessing = 0;
		};
/* End PBXResourcesBuildPhase section */

/* Begin PBXShellScriptBuildPhase section */
		C34EFFDC4AC95DDB0D47B7C3 /* [CP] Embed Pods Frameworks */ = {
			isa = PBXShellScriptBuildPhase;
			buildActionMask = 2147483647;
			files = (
			);
			inputPaths = (
			);
			name = "[CP] Embed Pods Frameworks";
			outputPaths = (
			);
			runOnlyForDeploymentPostprocessing = 0;
			shellPath = /bin/sh;
			shellScript = "\"${SRCROOT}/Pods/Target Support Files/Pods-VKFriends/Pods-VKFriends-frameworks.sh\"\n";
			showEnvVarsInLog = 0;
		};
		DA0F00BDBC32E96746C755BE /* [CP] Copy Pods Resources */ = {
			isa = PBXShellScriptBuildPhase;
			buildActionMask = 2147483647;
			files = (
			);
			inputPaths = (
			);
			name = "[CP] Copy Pods Resources";
			outputPaths = (
			);
			runOnlyForDeploymentPostprocessing = 0;
			shellPath = /bin/sh;
			shellScript = "\"${SRCROOT}/Pods/Target Support Files/Pods-VKFriends/Pods-VKFriends-resources.sh\"\n";
			showEnvVarsInLog = 0;
		};
		E76E26C1701C0BB706D629F6 /* [CP] Check Pods Manifest.lock */ = {
			isa = PBXShellScriptBuildPhase;
			buildActionMask = 2147483647;
			files = (
			);
			inputPaths = (
			);
			name = "[CP] Check Pods Manifest.lock";
			outputPaths = (
			);
			runOnlyForDeploymentPostprocessing = 0;
			shellPath = /bin/sh;
			shellScript = "diff \"${PODS_ROOT}/../Podfile.lock\" \"${PODS_ROOT}/Manifest.lock\" > /dev/null\nif [ $? != 0 ] ; then\n    # print error to STDERR\n    echo \"error: The sandbox is not in sync with the Podfile.lock. Run 'pod install' or update your CocoaPods installation.\" >&2\n    exit 1\nfi\n";
			showEnvVarsInLog = 0;
		};
/* End PBXShellScriptBuildPhase section */

/* Begin PBXSourcesBuildPhase section */
		7B69F4911DE229A200790C48 /* Sources */ = {
			isa = PBXSourcesBuildPhase;
			buildActionMask = 2147483647;
			files = (
				7B69F4A01DE22F9D00790C48 /* VKFriendsTests.swift in Sources */,
				7B69F4981DE229A200790C48 /* VKFriendsUITests.swift in Sources */,
				7B7444B31DEF4A52001D0813 /* VKFriendClass.swift in Sources */,
			);
			runOnlyForDeploymentPostprocessing = 0;
		};
		7BC34BAB1DCB3D3E00DA3B53 /* Sources */ = {
			isa = PBXSourcesBuildPhase;
			buildActionMask = 2147483647;
			files = (
				7BC34BCB1DCB47C100DA3B53 /* Constants.swift in Sources */,
				7B3549D11DEC4B7400F38A4B /* User.swift in Sources */,
				7B69F4901DE21FD100790C48 /* Products.swift in Sources */,
				7BC34BB51DCB3D3E00DA3B53 /* MapViewController.swift in Sources */,
				7BB0E4811DD30CF90024BA18 /* ListTableViewController.swift in Sources */,
				7BC34BB31DCB3D3E00DA3B53 /* AppDelegate.swift in Sources */,
				7BC34BCD1DCB7CB800DA3B53 /* ApiWorker.swift in Sources */,
				7B95453B1DD5016E003AF335 /* VKFriendClass.swift in Sources */,
				7B226D261DDA5A8A00BABF3A /* FriendTableViewCell.swift in Sources */,
				7BC34BD11DCD198600DA3B53 /* PersonInformationViewController.swift in Sources */,
				7B69F48E1DE21E1500790C48 /* IAPHelper.swift in Sources */,
			);
			runOnlyForDeploymentPostprocessing = 0;
		};
/* End PBXSourcesBuildPhase section */

/* Begin PBXTargetDependency section */
		7B69F49B1DE229A200790C48 /* PBXTargetDependency */ = {
			isa = PBXTargetDependency;
			target = 7BC34BAE1DCB3D3E00DA3B53 /* VKFriends */;
			targetProxy = 7B69F49A1DE229A200790C48 /* PBXContainerItemProxy */;
		};
/* End PBXTargetDependency section */

/* Begin PBXVariantGroup section */
		7BC34BB61DCB3D3E00DA3B53 /* Main.storyboard */ = {
			isa = PBXVariantGroup;
			children = (
				7BC34BB71DCB3D3E00DA3B53 /* Base */,
				7B3549D61DEC5C5700F38A4B /* ru */,
			);
			name = Main.storyboard;
			sourceTree = "<group>";
		};
		7BC34BBB1DCB3D3E00DA3B53 /* LaunchScreen.storyboard */ = {
			isa = PBXVariantGroup;
			children = (
				7BC34BBC1DCB3D3E00DA3B53 /* Base */,
				7B3549D71DEC5C5700F38A4B /* ru */,
			);
			name = LaunchScreen.storyboard;
			sourceTree = "<group>";
		};
/* End PBXVariantGroup section */

/* Begin XCBuildConfiguration section */
		7B69F49D1DE229A200790C48 /* Debug */ = {
			isa = XCBuildConfiguration;
			buildSettings = {
				DEVELOPMENT_TEAM = KH2KDZEEE3;
				INFOPLIST_FILE = VKFriendsUITests/Info.plist;
				LD_RUNPATH_SEARCH_PATHS = "$(inherited) @executable_path/Frameworks @loader_path/Frameworks";
				PRODUCT_BUNDLE_IDENTIFIER = com.kirillzzy.VKFriendsUITests;
				PRODUCT_NAME = "$(TARGET_NAME)";
				SWIFT_VERSION = 3.0;
				TEST_TARGET_NAME = VKFriends;
			};
			name = Debug;
		};
		7B69F49E1DE229A200790C48 /* Release */ = {
			isa = XCBuildConfiguration;
			buildSettings = {
				DEVELOPMENT_TEAM = KH2KDZEEE3;
				INFOPLIST_FILE = VKFriendsUITests/Info.plist;
				LD_RUNPATH_SEARCH_PATHS = "$(inherited) @executable_path/Frameworks @loader_path/Frameworks";
				PRODUCT_BUNDLE_IDENTIFIER = com.kirillzzy.VKFriendsUITests;
				PRODUCT_NAME = "$(TARGET_NAME)";
				SWIFT_VERSION = 3.0;
				TEST_TARGET_NAME = VKFriends;
			};
			name = Release;
		};
		7BC34BBF1DCB3D3E00DA3B53 /* Debug */ = {
			isa = XCBuildConfiguration;
			buildSettings = {
				ALWAYS_SEARCH_USER_PATHS = NO;
				CLANG_ANALYZER_LOCALIZABILITY_NONLOCALIZED = YES;
				CLANG_ANALYZER_NONNULL = YES;
				CLANG_CXX_LANGUAGE_STANDARD = "gnu++0x";
				CLANG_CXX_LIBRARY = "libc++";
				CLANG_ENABLE_MODULES = YES;
				CLANG_ENABLE_OBJC_ARC = YES;
				CLANG_WARN_BOOL_CONVERSION = YES;
				CLANG_WARN_CONSTANT_CONVERSION = YES;
				CLANG_WARN_DIRECT_OBJC_ISA_USAGE = YES_ERROR;
				CLANG_WARN_DOCUMENTATION_COMMENTS = YES;
				CLANG_WARN_EMPTY_BODY = YES;
				CLANG_WARN_ENUM_CONVERSION = YES;
				CLANG_WARN_INFINITE_RECURSION = YES;
				CLANG_WARN_INT_CONVERSION = YES;
				CLANG_WARN_OBJC_ROOT_CLASS = YES_ERROR;
				CLANG_WARN_SUSPICIOUS_MOVES = YES;
				CLANG_WARN_UNREACHABLE_CODE = YES;
				CLANG_WARN__DUPLICATE_METHOD_MATCH = YES;
				"CODE_SIGN_IDENTITY[sdk=iphoneos*]" = "iPhone Developer";
				COPY_PHASE_STRIP = NO;
				DEBUG_INFORMATION_FORMAT = dwarf;
				ENABLE_STRICT_OBJC_MSGSEND = YES;
				ENABLE_TESTABILITY = YES;
				GCC_C_LANGUAGE_STANDARD = gnu99;
				GCC_DYNAMIC_NO_PIC = NO;
				GCC_NO_COMMON_BLOCKS = YES;
				GCC_OPTIMIZATION_LEVEL = 0;
				GCC_PREPROCESSOR_DEFINITIONS = (
					"DEBUG=1",
					"$(inherited)",
				);
				GCC_WARN_64_TO_32_BIT_CONVERSION = YES;
				GCC_WARN_ABOUT_RETURN_TYPE = YES_ERROR;
				GCC_WARN_UNDECLARED_SELECTOR = YES;
				GCC_WARN_UNINITIALIZED_AUTOS = YES_AGGRESSIVE;
				GCC_WARN_UNUSED_FUNCTION = YES;
				GCC_WARN_UNUSED_VARIABLE = YES;
				IPHONEOS_DEPLOYMENT_TARGET = 10.0;
				MTL_ENABLE_DEBUG_INFO = YES;
				ONLY_ACTIVE_ARCH = YES;
				SDKROOT = iphoneos;
				SWIFT_ACTIVE_COMPILATION_CONDITIONS = DEBUG;
				SWIFT_OPTIMIZATION_LEVEL = "-Onone";
				TARGETED_DEVICE_FAMILY = "1,2";
			};
			name = Debug;
		};
		7BC34BC01DCB3D3E00DA3B53 /* Release */ = {
			isa = XCBuildConfiguration;
			buildSettings = {
				ALWAYS_SEARCH_USER_PATHS = NO;
				CLANG_ANALYZER_LOCALIZABILITY_NONLOCALIZED = YES;
				CLANG_ANALYZER_NONNULL = YES;
				CLANG_CXX_LANGUAGE_STANDARD = "gnu++0x";
				CLANG_CXX_LIBRARY = "libc++";
				CLANG_ENABLE_MODULES = YES;
				CLANG_ENABLE_OBJC_ARC = YES;
				CLANG_WARN_BOOL_CONVERSION = YES;
				CLANG_WARN_CONSTANT_CONVERSION = YES;
				CLANG_WARN_DIRECT_OBJC_ISA_USAGE = YES_ERROR;
				CLANG_WARN_DOCUMENTATION_COMMENTS = YES;
				CLANG_WARN_EMPTY_BODY = YES;
				CLANG_WARN_ENUM_CONVERSION = YES;
				CLANG_WARN_INFINITE_RECURSION = YES;
				CLANG_WARN_INT_CONVERSION = YES;
				CLANG_WARN_OBJC_ROOT_CLASS = YES_ERROR;
				CLANG_WARN_SUSPICIOUS_MOVES = YES;
				CLANG_WARN_UNREACHABLE_CODE = YES;
				CLANG_WARN__DUPLICATE_METHOD_MATCH = YES;
				"CODE_SIGN_IDENTITY[sdk=iphoneos*]" = "iPhone Developer";
				COPY_PHASE_STRIP = NO;
				DEBUG_INFORMATION_FORMAT = "dwarf-with-dsym";
				ENABLE_NS_ASSERTIONS = NO;
				ENABLE_STRICT_OBJC_MSGSEND = YES;
				GCC_C_LANGUAGE_STANDARD = gnu99;
				GCC_NO_COMMON_BLOCKS = YES;
				GCC_WARN_64_TO_32_BIT_CONVERSION = YES;
				GCC_WARN_ABOUT_RETURN_TYPE = YES_ERROR;
				GCC_WARN_UNDECLARED_SELECTOR = YES;
				GCC_WARN_UNINITIALIZED_AUTOS = YES_AGGRESSIVE;
				GCC_WARN_UNUSED_FUNCTION = YES;
				GCC_WARN_UNUSED_VARIABLE = YES;
				IPHONEOS_DEPLOYMENT_TARGET = 10.0;
				MTL_ENABLE_DEBUG_INFO = NO;
				SDKROOT = iphoneos;
				SWIFT_OPTIMIZATION_LEVEL = "-Owholemodule";
				TARGETED_DEVICE_FAMILY = "1,2";
				VALIDATE_PRODUCT = YES;
			};
			name = Release;
		};
		7BC34BC21DCB3D3E00DA3B53 /* Debug */ = {
			isa = XCBuildConfiguration;
			baseConfigurationReference = BF47DBFF8605664D500DD80F /* Pods-VKFriends.debug.xcconfig */;
			buildSettings = {
				ASSETCATALOG_COMPILER_APPICON_NAME = AppIcon;
				"CODE_SIGN_IDENTITY[sdk=iphoneos*]" = "iPhone Developer";
				DEVELOPMENT_TEAM = KH2KDZEEE3;
				FRAMEWORK_SEARCH_PATHS = (
					"$(inherited)",
					"$(PROJECT_DIR)/build/Debug-iphoneos/Alamofire",
					"$(PROJECT_DIR)/build/Debug-iphoneos/AlamofireImage",
					"$(PROJECT_DIR)/build/Debug-iphoneos/SDWebImage",
					"$(PROJECT_DIR)/build/Debug-iphoneos/Realm",
					"$(PROJECT_DIR)/build/Debug-iphoneos/RealmSwift",
				);
				INFOPLIST_FILE = VKFriends/Info.plist;
				LD_RUNPATH_SEARCH_PATHS = "$(inherited) @executable_path/Frameworks";
				PRODUCT_BUNDLE_IDENTIFIER = com.kirillzzy.vkfriends;
				PRODUCT_NAME = "$(TARGET_NAME)";
				SWIFT_VERSION = 3.0;
			};
			name = Debug;
		};
		7BC34BC31DCB3D3E00DA3B53 /* Release */ = {
			isa = XCBuildConfiguration;
			baseConfigurationReference = A41BC49DFFA3377038EB6B7E /* Pods-VKFriends.release.xcconfig */;
			buildSettings = {
				ASSETCATALOG_COMPILER_APPICON_NAME = AppIcon;
				"CODE_SIGN_IDENTITY[sdk=iphoneos*]" = "iPhone Developer";
				DEVELOPMENT_TEAM = KH2KDZEEE3;
				FRAMEWORK_SEARCH_PATHS = (
					"$(inherited)",
					"$(PROJECT_DIR)/build/Debug-iphoneos/Alamofire",
					"$(PROJECT_DIR)/build/Debug-iphoneos/AlamofireImage",
					"$(PROJECT_DIR)/build/Debug-iphoneos/SDWebImage",
					"$(PROJECT_DIR)/build/Debug-iphoneos/Realm",
					"$(PROJECT_DIR)/build/Debug-iphoneos/RealmSwift",
				);
				INFOPLIST_FILE = VKFriends/Info.plist;
				LD_RUNPATH_SEARCH_PATHS = "$(inherited) @executable_path/Frameworks";
				PRODUCT_BUNDLE_IDENTIFIER = com.kirillzzy.vkfriends;
				PRODUCT_NAME = "$(TARGET_NAME)";
				SWIFT_VERSION = 3.0;
			};
			name = Release;
		};
/* End XCBuildConfiguration section */

/* Begin XCConfigurationList section */
		7B69F49C1DE229A200790C48 /* Build configuration list for PBXNativeTarget "VKFriendsUITests" */ = {
			isa = XCConfigurationList;
			buildConfigurations = (
				7B69F49D1DE229A200790C48 /* Debug */,
				7B69F49E1DE229A200790C48 /* Release */,
			);
			defaultConfigurationIsVisible = 0;
			defaultConfigurationName = Release;
		};
		7BC34BAA1DCB3D3D00DA3B53 /* Build configuration list for PBXProject "VKFriends" */ = {
			isa = XCConfigurationList;
			buildConfigurations = (
				7BC34BBF1DCB3D3E00DA3B53 /* Debug */,
				7BC34BC01DCB3D3E00DA3B53 /* Release */,
			);
			defaultConfigurationIsVisible = 0;
			defaultConfigurationName = Release;
		};
		7BC34BC11DCB3D3E00DA3B53 /* Build configuration list for PBXNativeTarget "VKFriends" */ = {
			isa = XCConfigurationList;
			buildConfigurations = (
				7BC34BC21DCB3D3E00DA3B53 /* Debug */,
				7BC34BC31DCB3D3E00DA3B53 /* Release */,
			);
			defaultConfigurationIsVisible = 0;
			defaultConfigurationName = Release;
		};
/* End XCConfigurationList section */
	};
	rootObject = 7BC34BA71DCB3D3D00DA3B53 /* Project object */;
}
